
Microsoft Visual Studio Solution File, Format Version 12.00
# Visual Studio Version 17
VisualStudioVersion = 17.9.34728.123
MinimumVisualStudioVersion = 10.0.40219.1
Project("{2150E333-8FDC-42A3-9474-1A3956D46DE8}") = "Common", "Common", "{BE66C56C-BCA7-4AB3-98B4-75D52064D517}"
EndProject
Project("{2150E333-8FDC-42A3-9474-1A3956D46DE8}") = "Core", "Core", "{0C3A5AAB-A9E2-4856-8DC3-CE19C1F3C0F2}"
EndProject
Project("{2150E333-8FDC-42A3-9474-1A3956D46DE8}") = "Infrastructure", "Infrastructure", "{1B7E39D5-C01F-4903-806B-9167E846CF4E}"
EndProject
Project("{2150E333-8FDC-42A3-9474-1A3956D46DE8}") = "Presentation", "Presentation", "{E6FDE7CD-606A-4862-95EF-3076A716405B}"
EndProject
Project("{2150E333-8FDC-42A3-9474-1A3956D46DE8}") = "Test", "Test", "{B92F95F9-D4E3-46B6-A599-97EFC603C2DE}"
EndProject
Project("{FAE04EC0-301F-11D3-BF4B-00C04F79EFBC}") = "LinkUp.Web.Client", "LinkUp.Web.Client\LinkUp.Web.Client.csproj", "{66FEAC84-EB05-4457-8234-4B33FEC987EB}"
EndProject
Project("{FAE04EC0-301F-11D3-BF4B-00C04F79EFBC}") = "LinkUp.Web.Api", "LinkUp.Web.Api\LinkUp.Web.Api.csproj", "{BD1F3B4B-3654-41AA-8FC1-0C2ACA29D518}"
EndProject
Project("{FAE04EC0-301F-11D3-BF4B-00C04F79EFBC}") = "LinkUp.Test", "LinkUp.Test\LinkUp.Test.csproj", "{4E30FDF5-B84C-4DB8-9F94-0A74BD202E9A}"
EndProject
Project("{FAE04EC0-301F-11D3-BF4B-00C04F79EFBC}") = "LinkUp.Infrastructure", "LinkUp.Infrastructure\LinkUp.Infrastructure.csproj", "{5D329548-86D9-44C3-A44C-61F15D08327C}"
EndProject
Project("{FAE04EC0-301F-11D3-BF4B-00C04F79EFBC}") = "LinkUp.DependencyInjection", "LinkUp.DependencyInjection\LinkUp.DependencyInjection.csproj", "{80CA8DF4-4422-461E-90EF-246498717B0B}"
EndProject
Project("{FAE04EC0-301F-11D3-BF4B-00C04F79EFBC}") = "LinkUp.Domain", "LinkUp.Domain\LinkUp.Domain.csproj", "{01C52CED-F806-425F-9412-38E0EB1D8F99}"
EndProject
Project("{FAE04EC0-301F-11D3-BF4B-00C04F79EFBC}") = "LinkUp.Application", "LinkUp.Application\LinkUp.Application.csproj", "{A211E39C-31CD-4019-8525-6B860E2BD153}"
EndProject
Project("{FAE04EC0-301F-11D3-BF4B-00C04F79EFBC}") = "LinkUp.Application.Identity", "LinkUp.Application.Identity\LinkUp.Application.Identity.csproj", "{378EB794-8CA7-424B-9F63-6B21502EFA55}"
EndProject
Project("{FAE04EC0-301F-11D3-BF4B-00C04F79EFBC}") = "LinkUp.Persistence", "LinkUp.Persistence\LinkUp.Persistence.csproj", "{838253D1-3B24-4866-9B08-DF37EC238AAD}"
EndProject
Project("{FAE04EC0-301F-11D3-BF4B-00C04F79EFBC}") = "LinkUp.Common", "LinkUp.Common\LinkUp.Common.csproj", "{615CE68F-D25C-49D4-869F-9DD7D30411D4}"
EndProject
Project("{00D1A9C2-B5F0-4AF3-8072-F6C62B433612}") = "LinkUp.Database", "LinkUp.Database\LinkUp.Database.sqlproj", "{F1FFF3E3-A6E2-4505-BEF7-307C3CBEA425}"
EndProject
Global
	GlobalSection(SolutionConfigurationPlatforms) = preSolution
		Debug|Any CPU = Debug|Any CPU
		Release|Any CPU = Release|Any CPU
	EndGlobalSection
	GlobalSection(ProjectConfigurationPlatforms) = postSolution
		{66FEAC84-EB05-4457-8234-4B33FEC987EB}.Debug|Any CPU.ActiveCfg = Debug|Any CPU
		{66FEAC84-EB05-4457-8234-4B33FEC987EB}.Debug|Any CPU.Build.0 = Debug|Any CPU
		{66FEAC84-EB05-4457-8234-4B33FEC987EB}.Release|Any CPU.ActiveCfg = Release|Any CPU
		{66FEAC84-EB05-4457-8234-4B33FEC987EB}.Release|Any CPU.Build.0 = Release|Any CPU
		{BD1F3B4B-3654-41AA-8FC1-0C2ACA29D518}.Debug|Any CPU.ActiveCfg = Debug|Any CPU
		{BD1F3B4B-3654-41AA-8FC1-0C2ACA29D518}.Debug|Any CPU.Build.0 = Debug|Any CPU
		{BD1F3B4B-3654-41AA-8FC1-0C2ACA29D518}.Release|Any CPU.ActiveCfg = Release|Any CPU
		{BD1F3B4B-3654-41AA-8FC1-0C2ACA29D518}.Release|Any CPU.Build.0 = Release|Any CPU
		{4E30FDF5-B84C-4DB8-9F94-0A74BD202E9A}.Debug|Any CPU.ActiveCfg = Debug|Any CPU
		{4E30FDF5-B84C-4DB8-9F94-0A74BD202E9A}.Debug|Any CPU.Build.0 = Debug|Any CPU
		{4E30FDF5-B84C-4DB8-9F94-0A74BD202E9A}.Release|Any CPU.ActiveCfg = Release|Any CPU
		{4E30FDF5-B84C-4DB8-9F94-0A74BD202E9A}.Release|Any CPU.Build.0 = Release|Any CPU
		{5D329548-86D9-44C3-A44C-61F15D08327C}.Debug|Any CPU.ActiveCfg = Debug|Any CPU
		{5D329548-86D9-44C3-A44C-61F15D08327C}.Debug|Any CPU.Build.0 = Debug|Any CPU
		{5D329548-86D9-44C3-A44C-61F15D08327C}.Release|Any CPU.ActiveCfg = Release|Any CPU
		{5D329548-86D9-44C3-A44C-61F15D08327C}.Release|Any CPU.Build.0 = Release|Any CPU
		{80CA8DF4-4422-461E-90EF-246498717B0B}.Debug|Any CPU.ActiveCfg = Debug|Any CPU
		{80CA8DF4-4422-461E-90EF-246498717B0B}.Debug|Any CPU.Build.0 = Debug|Any CPU
		{80CA8DF4-4422-461E-90EF-246498717B0B}.Release|Any CPU.ActiveCfg = Release|Any CPU
		{80CA8DF4-4422-461E-90EF-246498717B0B}.Release|Any CPU.Build.0 = Release|Any CPU
		{01C52CED-F806-425F-9412-38E0EB1D8F99}.Debug|Any CPU.ActiveCfg = Debug|Any CPU
		{01C52CED-F806-425F-9412-38E0EB1D8F99}.Debug|Any CPU.Build.0 = Debug|Any CPU
		{01C52CED-F806-425F-9412-38E0EB1D8F99}.Release|Any CPU.ActiveCfg = Release|Any CPU
		{01C52CED-F806-425F-9412-38E0EB1D8F99}.Release|Any CPU.Build.0 = Release|Any CPU
		{A211E39C-31CD-4019-8525-6B860E2BD153}.Debug|Any CPU.ActiveCfg = Debug|Any CPU
		{A211E39C-31CD-4019-8525-6B860E2BD153}.Debug|Any CPU.Build.0 = Debug|Any CPU
		{A211E39C-31CD-4019-8525-6B860E2BD153}.Release|Any CPU.ActiveCfg = Release|Any CPU
		{A211E39C-31CD-4019-8525-6B860E2BD153}.Release|Any CPU.Build.0 = Release|Any CPU
		{378EB794-8CA7-424B-9F63-6B21502EFA55}.Debug|Any CPU.ActiveCfg = Debug|Any CPU
		{378EB794-8CA7-424B-9F63-6B21502EFA55}.Debug|Any CPU.Build.0 = Debug|Any CPU
		{378EB794-8CA7-424B-9F63-6B21502EFA55}.Release|Any CPU.ActiveCfg = Release|Any CPU
		{378EB794-8CA7-424B-9F63-6B21502EFA55}.Release|Any CPU.Build.0 = Release|Any CPU
		{838253D1-3B24-4866-9B08-DF37EC238AAD}.Debug|Any CPU.ActiveCfg = Debug|Any CPU
		{838253D1-3B24-4866-9B08-DF37EC238AAD}.Debug|Any CPU.Build.0 = Debug|Any CPU
		{838253D1-3B24-4866-9B08-DF37EC238AAD}.Release|Any CPU.ActiveCfg = Release|Any CPU
		{838253D1-3B24-4866-9B08-DF37EC238AAD}.Release|Any CPU.Build.0 = Release|Any CPU
		{615CE68F-D25C-49D4-869F-9DD7D30411D4}.Debug|Any CPU.ActiveCfg = Debug|Any CPU
		{615CE68F-D25C-49D4-869F-9DD7D30411D4}.Debug|Any CPU.Build.0 = Debug|Any CPU
		{615CE68F-D25C-49D4-869F-9DD7D30411D4}.Release|Any CPU.ActiveCfg = Release|Any CPU
		{615CE68F-D25C-49D4-869F-9DD7D30411D4}.Release|Any CPU.Build.0 = Release|Any CPU
		{F1FFF3E3-A6E2-4505-BEF7-307C3CBEA425}.Debug|Any CPU.ActiveCfg = Debug|Any CPU
		{F1FFF3E3-A6E2-4505-BEF7-307C3CBEA425}.Debug|Any CPU.Build.0 = Debug|Any CPU
		{F1FFF3E3-A6E2-4505-BEF7-307C3CBEA425}.Debug|Any CPU.Deploy.0 = Debug|Any CPU
		{F1FFF3E3-A6E2-4505-BEF7-307C3CBEA425}.Release|Any CPU.ActiveCfg = Release|Any CPU
		{F1FFF3E3-A6E2-4505-BEF7-307C3CBEA425}.Release|Any CPU.Build.0 = Release|Any CPU
		{F1FFF3E3-A6E2-4505-BEF7-307C3CBEA425}.Release|Any CPU.Deploy.0 = Release|Any CPU
	EndGlobalSection
	GlobalSection(SolutionProperties) = preSolution
		HideSolutionNode = FALSE
	EndGlobalSection
	GlobalSection(NestedProjects) = preSolution
		{66FEAC84-EB05-4457-8234-4B33FEC987EB} = {E6FDE7CD-606A-4862-95EF-3076A716405B}
		{BD1F3B4B-3654-41AA-8FC1-0C2ACA29D518} = {E6FDE7CD-606A-4862-95EF-3076A716405B}
		{4E30FDF5-B84C-4DB8-9F94-0A74BD202E9A} = {B92F95F9-D4E3-46B6-A599-97EFC603C2DE}
		{5D329548-86D9-44C3-A44C-61F15D08327C} = {1B7E39D5-C01F-4903-806B-9167E846CF4E}
		{80CA8DF4-4422-461E-90EF-246498717B0B} = {1B7E39D5-C01F-4903-806B-9167E846CF4E}
		{01C52CED-F806-425F-9412-38E0EB1D8F99} = {0C3A5AAB-A9E2-4856-8DC3-CE19C1F3C0F2}
		{A211E39C-31CD-4019-8525-6B860E2BD153} = {0C3A5AAB-A9E2-4856-8DC3-CE19C1F3C0F2}
		{378EB794-8CA7-424B-9F63-6B21502EFA55} = {0C3A5AAB-A9E2-4856-8DC3-CE19C1F3C0F2}
		{838253D1-3B24-4866-9B08-DF37EC238AAD} = {0C3A5AAB-A9E2-4856-8DC3-CE19C1F3C0F2}
		{615CE68F-D25C-49D4-869F-9DD7D30411D4} = {BE66C56C-BCA7-4AB3-98B4-75D52064D517}
		{F1FFF3E3-A6E2-4505-BEF7-307C3CBEA425} = {0C3A5AAB-A9E2-4856-8DC3-CE19C1F3C0F2}
	EndGlobalSection
	GlobalSection(ExtensibilityGlobals) = postSolution
		SolutionGuid = {91B35AEA-4072-4AD6-8EEC-7E663F48AEA6}
	EndGlobalSection
EndGlobal
